// !$*UTF8*$!
{
	archiveVersion = 1;
	classes = {
	};
	objectVersion = 50;
	objects = {

/* Begin PBXBuildFile section */
		9499442B221C0A2500F1657D /* PersonCollectionViewCell.swift in Sources */ = {isa = PBXBuildFile; fileRef = 9499442A221C0A2500F1657D /* PersonCollectionViewCell.swift */; };
		9499442D221C0CD500F1657D /* DBManager.swift in Sources */ = {isa = PBXBuildFile; fileRef = 9499442C221C0CD500F1657D /* DBManager.swift */; };
		94994432221C14F500F1657D /* RealmModels.swift in Sources */ = {isa = PBXBuildFile; fileRef = 94994431221C14F500F1657D /* RealmModels.swift */; };
		94994437221C213800F1657D /* AllData.json in Resources */ = {isa = PBXBuildFile; fileRef = 94994436221C213800F1657D /* AllData.json */; };
		9499443B221DF7DB00F1657D /* MapViewController.swift in Sources */ = {isa = PBXBuildFile; fileRef = 9499443A221DF7DB00F1657D /* MapViewController.swift */; };
		949A9346221B01C5009E204C /* AppDelegate.swift in Sources */ = {isa = PBXBuildFile; fileRef = 949A9345221B01C5009E204C /* AppDelegate.swift */; };
		949A9348221B01C5009E204C /* MainViewController.swift in Sources */ = {isa = PBXBuildFile; fileRef = 949A9347221B01C5009E204C /* MainViewController.swift */; };
		949A934B221B01C5009E204C /* Main.storyboard in Resources */ = {isa = PBXBuildFile; fileRef = 949A9349221B01C5009E204C /* Main.storyboard */; };
		949A934D221B01C7009E204C /* Assets.xcassets in Resources */ = {isa = PBXBuildFile; fileRef = 949A934C221B01C7009E204C /* Assets.xcassets */; };
		949A9350221B01C7009E204C /* LaunchScreen.storyboard in Resources */ = {isa = PBXBuildFile; fileRef = 949A934E221B01C7009E204C /* LaunchScreen.storyboard */; };
		D321E05D4729D451AD290438 /* Pods_lun.framework in Frameworks */ = {isa = PBXBuildFile; fileRef = B50CFA85E4A2D5E38C98078F /* Pods_lun.framework */; };
/* End PBXBuildFile section */

/* Begin PBXFileReference section */
		4DE7CE89108C343F2492B0A7 /* Pods-lun.release.xcconfig */ = {isa = PBXFileReference; includeInIndex = 1; lastKnownFileType = text.xcconfig; name = "Pods-lun.release.xcconfig"; path = "Pods/Target Support Files/Pods-lun/Pods-lun.release.xcconfig"; sourceTree = "<group>"; };
		9499442A221C0A2500F1657D /* PersonCollectionViewCell.swift */ = {isa = PBXFileReference; lastKnownFileType = sourcecode.swift; path = PersonCollectionViewCell.swift; sourceTree = "<group>"; };
		9499442C221C0CD500F1657D /* DBManager.swift */ = {isa = PBXFileReference; lastKnownFileType = sourcecode.swift; path = DBManager.swift; sourceTree = "<group>"; };
		94994431221C14F500F1657D /* RealmModels.swift */ = {isa = PBXFileReference; lastKnownFileType = sourcecode.swift; path = RealmModels.swift; sourceTree = "<group>"; };
		94994436221C213800F1657D /* AllData.json */ = {isa = PBXFileReference; fileEncoding = 4; lastKnownFileType = text.json; path = AllData.json; sourceTree = "<group>"; };
		9499443A221DF7DB00F1657D /* MapViewController.swift */ = {isa = PBXFileReference; lastKnownFileType = sourcecode.swift; path = MapViewController.swift; sourceTree = "<group>"; };
		949A9342221B01C5009E204C /* lun.app */ = {isa = PBXFileReference; explicitFileType = wrapper.application; includeInIndex = 0; path = lun.app; sourceTree = BUILT_PRODUCTS_DIR; };
		949A9345221B01C5009E204C /* AppDelegate.swift */ = {isa = PBXFileReference; lastKnownFileType = sourcecode.swift; path = AppDelegate.swift; sourceTree = "<group>"; };
		949A9347221B01C5009E204C /* MainViewController.swift */ = {isa = PBXFileReference; lastKnownFileType = sourcecode.swift; path = MainViewController.swift; sourceTree = "<group>"; };
		949A934A221B01C5009E204C /* Base */ = {isa = PBXFileReference; lastKnownFileType = file.storyboard; name = Base; path = Base.lproj/Main.storyboard; sourceTree = "<group>"; };
		949A934C221B01C7009E204C /* Assets.xcassets */ = {isa = PBXFileReference; lastKnownFileType = folder.assetcatalog; path = Assets.xcassets; sourceTree = "<group>"; };
		949A934F221B01C7009E204C /* Base */ = {isa = PBXFileReference; lastKnownFileType = file.storyboard; name = Base; path = Base.lproj/LaunchScreen.storyboard; sourceTree = "<group>"; };
		949A9351221B01C7009E204C /* Info.plist */ = {isa = PBXFileReference; lastKnownFileType = text.plist.xml; path = Info.plist; sourceTree = "<group>"; };
		B50CFA85E4A2D5E38C98078F /* Pods_lun.framework */ = {isa = PBXFileReference; explicitFileType = wrapper.framework; includeInIndex = 0; path = Pods_lun.framework; sourceTree = BUILT_PRODUCTS_DIR; };
		BA2E938A62D666FED6C3C641 /* Pods-lun.debug.xcconfig */ = {isa = PBXFileReference; includeInIndex = 1; lastKnownFileType = text.xcconfig; name = "Pods-lun.debug.xcconfig"; path = "Pods/Target Support Files/Pods-lun/Pods-lun.debug.xcconfig"; sourceTree = "<group>"; };
/* End PBXFileReference section */

/* Begin PBXFrameworksBuildPhase section */
		949A933F221B01C5009E204C /* Frameworks */ = {
			isa = PBXFrameworksBuildPhase;
			buildActionMask = 2147483647;
			files = (
				D321E05D4729D451AD290438 /* Pods_lun.framework in Frameworks */,
			);
			runOnlyForDeploymentPostprocessing = 0;
		};
/* End PBXFrameworksBuildPhase section */

/* Begin PBXGroup section */
		9499442E221C101300F1657D /* Models */ = {
			isa = PBXGroup;
			children = (
				94994431221C14F500F1657D /* RealmModels.swift */,
			);
			path = Models;
			sourceTree = "<group>";
		};
		94994433221C209900F1657D /* Additional */ = {
			isa = PBXGroup;
			children = (
				94994436221C213800F1657D /* AllData.json */,
			);
			path = Additional;
			sourceTree = "<group>";
		};
		949A9339221B01C4009E204C = {
			isa = PBXGroup;
			children = (
				949A9344221B01C5009E204C /* lun */,
				949A9343221B01C5009E204C /* Products */,
				CFA20CA3CC35B5F352E17951 /* Pods */,
				DAB4F379E406099A14C7AD2C /* Frameworks */,
			);
			sourceTree = "<group>";
		};
		949A9343221B01C5009E204C /* Products */ = {
			isa = PBXGroup;
			children = (
				949A9342221B01C5009E204C /* lun.app */,
			);
			name = Products;
			sourceTree = "<group>";
		};
		949A9344221B01C5009E204C /* lun */ = {
			isa = PBXGroup;
			children = (
				94994433221C209900F1657D /* Additional */,
				9499442E221C101300F1657D /* Models */,
				949A9345221B01C5009E204C /* AppDelegate.swift */,
				9499442C221C0CD500F1657D /* DBManager.swift */,
				9499442A221C0A2500F1657D /* PersonCollectionViewCell.swift */,
				9499443A221DF7DB00F1657D /* MapViewController.swift */,
				949A9347221B01C5009E204C /* MainViewController.swift */,
				949A9349221B01C5009E204C /* Main.storyboard */,
				949A934C221B01C7009E204C /* Assets.xcassets */,
				949A934E221B01C7009E204C /* LaunchScreen.storyboard */,
				949A9351221B01C7009E204C /* Info.plist */,
			);
			path = lun;
			sourceTree = "<group>";
		};
		CFA20CA3CC35B5F352E17951 /* Pods */ = {
			isa = PBXGroup;
			children = (
				BA2E938A62D666FED6C3C641 /* Pods-lun.debug.xcconfig */,
				4DE7CE89108C343F2492B0A7 /* Pods-lun.release.xcconfig */,
			);
			name = Pods;
			sourceTree = "<group>";
		};
		DAB4F379E406099A14C7AD2C /* Frameworks */ = {
			isa = PBXGroup;
			children = (
				B50CFA85E4A2D5E38C98078F /* Pods_lun.framework */,
			);
			name = Frameworks;
			sourceTree = "<group>";
		};
/* End PBXGroup section */

/* Begin PBXNativeTarget section */
		949A9341221B01C5009E204C /* lun */ = {
			isa = PBXNativeTarget;
			buildConfigurationList = 949A9354221B01C7009E204C /* Build configuration list for PBXNativeTarget "lun" */;
			buildPhases = (
				E97DFB5B24F14D3C5C6DB79C /* [CP] Check Pods Manifest.lock */,
				949A933E221B01C5009E204C /* Sources */,
				949A933F221B01C5009E204C /* Frameworks */,
				949A9340221B01C5009E204C /* Resources */,
				67574C8B1A400987113C6512 /* [CP] Embed Pods Frameworks */,
				5D0CE870FF013B590A2898E5 /* [CP] Copy Pods Resources */,
			);
			buildRules = (
			);
			dependencies = (
			);
			name = lun;
			productName = lun;
			productReference = 949A9342221B01C5009E204C /* lun.app */;
			productType = "com.apple.product-type.application";
		};
/* End PBXNativeTarget section */

/* Begin PBXProject section */
		949A933A221B01C4009E204C /* Project object */ = {
			isa = PBXProject;
			attributes = {
				LastSwiftUpdateCheck = 1010;
				LastUpgradeCheck = 1010;
				ORGANIZATIONNAME = "Alyona Hulak";
				TargetAttributes = {
					949A9341221B01C5009E204C = {
						CreatedOnToolsVersion = 10.1;
					};
				};
			};
			buildConfigurationList = 949A933D221B01C4009E204C /* Build configuration list for PBXProject "lun" */;
			compatibilityVersion = "Xcode 9.3";
			developmentRegion = en;
			hasScannedForEncodings = 0;
			knownRegions = (
				en,
				Base,
			);
			mainGroup = 949A9339221B01C4009E204C;
			productRefGroup = 949A9343221B01C5009E204C /* Products */;
			projectDirPath = "";
			projectRoot = "";
			targets = (
				949A9341221B01C5009E204C /* lun */,
			);
		};
/* End PBXProject section */

/* Begin PBXResourcesBuildPhase section */
		949A9340221B01C5009E204C /* Resources */ = {
			isa = PBXResourcesBuildPhase;
			buildActionMask = 2147483647;
			files = (
				94994437221C213800F1657D /* AllData.json in Resources */,
				949A9350221B01C7009E204C /* LaunchScreen.storyboard in Resources */,
				949A934D221B01C7009E204C /* Assets.xcassets in Resources */,
				949A934B221B01C5009E204C /* Main.storyboard in Resources */,
			);
			runOnlyForDeploymentPostprocessing = 0;
		};
/* End PBXResourcesBuildPhase section */

/* Begin PBXShellScriptBuildPhase section */
		5D0CE870FF013B590A2898E5 /* [CP] Copy Pods Resources */ = {
			isa = PBXShellScriptBuildPhase;
			buildActionMask = 2147483647;
			files = (
			);
			inputPaths = (
				"${SRCROOT}/Pods/Target Support Files/Pods-lun/Pods-lun-resources.sh",
				"${PODS_ROOT}/GoogleMaps/Maps/Frameworks/GoogleMaps.framework/Resources/GoogleMaps.bundle",
				"${PODS_ROOT}/GooglePlaces/Frameworks/GooglePlaces.framework/Resources/GooglePlaces.bundle",
			);
			name = "[CP] Copy Pods Resources";
			outputPaths = (
				"${TARGET_BUILD_DIR}/${UNLOCALIZED_RESOURCES_FOLDER_PATH}/GoogleMaps.bundle",
				"${TARGET_BUILD_DIR}/${UNLOCALIZED_RESOURCES_FOLDER_PATH}/GooglePlaces.bundle",
			);
			runOnlyForDeploymentPostprocessing = 0;
			shellPath = /bin/sh;
			shellScript = "\"${SRCROOT}/Pods/Target Support Files/Pods-lun/Pods-lun-resources.sh\"\n";
			showEnvVarsInLog = 0;
		};
		67574C8B1A400987113C6512 /* [CP] Embed Pods Frameworks */ = {
			isa = PBXShellScriptBuildPhase;
			buildActionMask = 2147483647;
			files = (
			);
			inputPaths = (
				"${SRCROOT}/Pods/Target Support Files/Pods-lun/Pods-lun-frameworks.sh",
				"${BUILT_PRODUCTS_DIR}/Realm/Realm.framework",
				"${BUILT_PRODUCTS_DIR}/RealmSwift/RealmSwift.framework",
			);
			name = "[CP] Embed Pods Frameworks";
			outputPaths = (
				"${TARGET_BUILD_DIR}/${FRAMEWORKS_FOLDER_PATH}/Realm.framework",
				"${TARGET_BUILD_DIR}/${FRAMEWORKS_FOLDER_PATH}/RealmSwift.framework",
			);
			runOnlyForDeploymentPostprocessing = 0;
			shellPath = /bin/sh;
			shellScript = "\"${SRCROOT}/Pods/Target Support Files/Pods-lun/Pods-lun-frameworks.sh\"\n";
			showEnvVarsInLog = 0;
		};
		E97DFB5B24F14D3C5C6DB79C /* [CP] Check Pods Manifest.lock */ = {
			isa = PBXShellScriptBuildPhase;
			buildActionMask = 2147483647;
			files = (
			);
			inputPaths = (
				"${PODS_PODFILE_DIR_PATH}/Podfile.lock",
				"${PODS_ROOT}/Manifest.lock",
			);
			name = "[CP] Check Pods Manifest.lock";
			outputPaths = (
				"$(DERIVED_FILE_DIR)/Pods-lun-checkManifestLockResult.txt",
			);
			runOnlyForDeploymentPostprocessing = 0;
			shellPath = /bin/sh;
			shellScript = "diff \"${PODS_PODFILE_DIR_PATH}/Podfile.lock\" \"${PODS_ROOT}/Manifest.lock\" > /dev/null\nif [ $? != 0 ] ; then\n    # print error to STDERR\n    echo \"error: The sandbox is not in sync with the Podfile.lock. Run 'pod install' or update your CocoaPods installation.\" >&2\n    exit 1\nfi\n# This output is used by Xcode 'outputs' to avoid re-running this script phase.\necho \"SUCCESS\" > \"${SCRIPT_OUTPUT_FILE_0}\"\n";
			showEnvVarsInLog = 0;
		};
/* End PBXShellScriptBuildPhase section */

/* Begin PBXSourcesBuildPhase section */
		949A933E221B01C5009E204C /* Sources */ = {
			isa = PBXSourcesBuildPhase;
			buildActionMask = 2147483647;
			files = (
				949A9348221B01C5009E204C /* MainViewController.swift in Sources */,
				9499442B221C0A2500F1657D /* PersonCollectionViewCell.swift in Sources */,
				94994432221C14F500F1657D /* RealmModels.swift in Sources */,
				9499442D221C0CD500F1657D /* DBManager.swift in Sources */,
				949A9346221B01C5009E204C /* AppDelegate.swift in Sources */,
				9499443B221DF7DB00F1657D /* MapViewController.swift in Sources */,
			);
			runOnlyForDeploymentPostprocessing = 0;
		};
/* End PBXSourcesBuildPhase section */

/* Begin PBXVariantGroup section */
		949A9349221B01C5009E204C /* Main.storyboard */ = {
			isa = PBXVariantGroup;
			children = (
				949A934A221B01C5009E204C /* Base */,
			);
			name = Main.storyboard;
			sourceTree = "<group>";
		};
		949A934E221B01C7009E204C /* LaunchScreen.storyboard */ = {
			isa = PBXVariantGroup;
			children = (
				949A934F221B01C7009E204C /* Base */,
			);
			name = LaunchScreen.storyboard;
			sourceTree = "<group>";
		};
/* End PBXVariantGroup section */

/* Begin XCBuildConfiguration section */
		949A9352221B01C7009E204C /* Debug */ = {
			isa = XCBuildConfiguration;
			buildSettings = {
				ALWAYS_SEARCH_USER_PATHS = NO;
				CLANG_ANALYZER_NONNULL = YES;
				CLANG_ANALYZER_NUMBER_OBJECT_CONVERSION = YES_AGGRESSIVE;
				CLANG_CXX_LANGUAGE_STANDARD = "gnu++14";
				CLANG_CXX_LIBRARY = "libc++";
				CLANG_ENABLE_MODULES = YES;
				CLANG_ENABLE_OBJC_ARC = YES;
				CLANG_ENABLE_OBJC_WEAK = YES;
				CLANG_WARN_BLOCK_CAPTURE_AUTORELEASING = YES;
				CLANG_WARN_BOOL_CONVERSION = YES;
				CLANG_WARN_COMMA = YES;
				CLANG_WARN_CONSTANT_CONVERSION = YES;
				CLANG_WARN_DEPRECATED_OBJC_IMPLEMENTATIONS = YES;
				CLANG_WARN_DIRECT_OBJC_ISA_USAGE = YES_ERROR;
				CLANG_WARN_DOCUMENTATION_COMMENTS = YES;
				CLANG_WARN_EMPTY_BODY = YES;
				CLANG_WARN_ENUM_CONVERSION = YES;
				CLANG_WARN_INFINITE_RECURSION = YES;
				CLANG_WARN_INT_CONVERSION = YES;
				CLANG_WARN_NON_LITERAL_NULL_CONVERSION = YES;
				CLANG_WARN_OBJC_IMPLICIT_RETAIN_SELF = YES;
				CLANG_WARN_OBJC_LITERAL_CONVERSION = YES;
				CLANG_WARN_OBJC_ROOT_CLASS = YES_ERROR;
				CLANG_WARN_RANGE_LOOP_ANALYSIS = YES;
				CLANG_WARN_STRICT_PROTOTYPES = YES;
				CLANG_WARN_SUSPICIOUS_MOVE = YES;
				CLANG_WARN_UNGUARDED_AVAILABILITY = YES_AGGRESSIVE;
				CLANG_WARN_UNREACHABLE_CODE = YES;
				CLANG_WARN__DUPLICATE_METHOD_MATCH = YES;
				CODE_SIGN_IDENTITY = "iPhone Developer";
				COPY_PHASE_STRIP = NO;
				DEBUG_INFORMATION_FORMAT = dwarf;
				ENABLE_STRICT_OBJC_MSGSEND = YES;
				ENABLE_TESTABILITY = YES;
				GCC_C_LANGUAGE_STANDARD = gnu11;
				GCC_DYNAMIC_NO_PIC = NO;
				GCC_NO_COMMON_BLOCKS = YES;
				GCC_OPTIMIZATION_LEVEL = 0;
				GCC_PREPROCESSOR_DEFINITIONS = (
					"DEBUG=1",
					"$(inherited)",
				);
				GCC_WARN_64_TO_32_BIT_CONVERSION = YES;
				GCC_WARN_ABOUT_RETURN_TYPE = YES_ERROR;
				GCC_WARN_UNDECLARED_SELECTOR = YES;
				GCC_WARN_UNINITIALIZED_AUTOS = YES_AGGRESSIVE;
				GCC_WARN_UNUSED_FUNCTION = YES;
				GCC_WARN_UNUSED_VARIABLE = YES;
				IPHONEOS_DEPLOYMENT_TARGET = 12.1;
				MTL_ENABLE_DEBUG_INFO = INCLUDE_SOURCE;
				MTL_FAST_MATH = YES;
				ONLY_ACTIVE_ARCH = YES;
				SDKROOT = iphoneos;
				SWIFT_ACTIVE_COMPILATION_CONDITIONS = DEBUG;
				SWIFT_OPTIMIZATION_LEVEL = "-Onone";
			};
			name = Debug;
		};
		949A9353221B01C7009E204C /* Release */ = {
			isa = XCBuildConfiguration;
			buildSettings = {
				ALWAYS_SEARCH_USER_PATHS = NO;
				CLANG_ANALYZER_NONNULL = YES;
				CLANG_ANALYZER_NUMBER_OBJECT_CONVERSION = YES_AGGRESSIVE;
				CLANG_CXX_LANGUAGE_STANDARD = "gnu++14";
				CLANG_CXX_LIBRARY = "libc++";
				CLANG_ENABLE_MODULES = YES;
				CLANG_ENABLE_OBJC_ARC = YES;
				CLANG_ENABLE_OBJC_WEAK = YES;
				CLANG_WARN_BLOCK_CAPTURE_AUTORELEASING = YES;
				CLANG_WARN_BOOL_CONVERSION = YES;
				CLANG_WARN_COMMA = YES;
				CLANG_WARN_CONSTANT_CONVERSION = YES;
				CLANG_WARN_DEPRECATED_OBJC_IMPLEMENTATIONS = YES;
				CLANG_WARN_DIRECT_OBJC_ISA_USAGE = YES_ERROR;
				CLANG_WARN_DOCUMENTATION_COMMENTS = YES;
				CLANG_WARN_EMPTY_BODY = YES;
				CLANG_WARN_ENUM_CONVERSION = YES;
				CLANG_WARN_INFINITE_RECURSION = YES;
				CLANG_WARN_INT_CONVERSION = YES;
				CLANG_WARN_NON_LITERAL_NULL_CONVERSION = YES;
				CLANG_WARN_OBJC_IMPLICIT_RETAIN_SELF = YES;
				CLANG_WARN_OBJC_LITERAL_CONVERSION = YES;
				CLANG_WARN_OBJC_ROOT_CLASS = YES_ERROR;
				CLANG_WARN_RANGE_LOOP_ANALYSIS = YES;
				CLANG_WARN_STRICT_PROTOTYPES = YES;
				CLANG_WARN_SUSPICIOUS_MOVE = YES;
				CLANG_WARN_UNGUARDED_AVAILABILITY = YES_AGGRESSIVE;
				CLANG_WARN_UNREACHABLE_CODE = YES;
				CLANG_WARN__DUPLICATE_METHOD_MATCH = YES;
				CODE_SIGN_IDENTITY = "iPhone Developer";
				COPY_PHASE_STRIP = NO;
				DEBUG_INFORMATION_FORMAT = "dwarf-with-dsym";
				ENABLE_NS_ASSERTIONS = NO;
				ENABLE_STRICT_OBJC_MSGSEND = YES;
				GCC_C_LANGUAGE_STANDARD = gnu11;
				GCC_NO_COMMON_BLOCKS = YES;
				GCC_WARN_64_TO_32_BIT_CONVERSION = YES;
				GCC_WARN_ABOUT_RETURN_TYPE = YES_ERROR;
				GCC_WARN_UNDECLARED_SELECTOR = YES;
				GCC_WARN_UNINITIALIZED_AUTOS = YES_AGGRESSIVE;
				GCC_WARN_UNUSED_FUNCTION = YES;
				GCC_WARN_UNUSED_VARIABLE = YES;
				IPHONEOS_DEPLOYMENT_TARGET = 12.1;
				MTL_ENABLE_DEBUG_INFO = NO;
				MTL_FAST_MATH = YES;
				SDKROOT = iphoneos;
				SWIFT_COMPILATION_MODE = wholemodule;
				SWIFT_OPTIMIZATION_LEVEL = "-O";
				VALIDATE_PRODUCT = YES;
			};
			name = Release;
		};
		949A9355221B01C7009E204C /* Debug */ = {
			isa = XCBuildConfiguration;
			baseConfigurationReference = BA2E938A62D666FED6C3C641 /* Pods-lun.debug.xcconfig */;
			buildSettings = {
				ASSETCATALOG_COMPILER_APPICON_NAME = AppIcon;
				CODE_SIGN_STYLE = Automatic;
				INFOPLIST_FILE = lun/Info.plist;
				LD_RUNPATH_SEARCH_PATHS = (
					"$(inherited)",
					"@executable_path/Frameworks",
				);
				PRODUCT_BUNDLE_IDENTIFIER = gulaksoft.lun;
				PRODUCT_NAME = "$(TARGET_NAME)";
				SWIFT_VERSION = 4.2;
				TARGETED_DEVICE_FAMILY = "1,2";
			};
			name = Debug;
		};
		949A9356221B01C7009E204C /* Release */ = {
			isa = XCBuildConfiguration;
			baseConfigurationReference = 4DE7CE89108C343F2492B0A7 /* Pods-lun.release.xcconfig */;
			buildSettings = {
				ASSETCATALOG_COMPILER_APPICON_NAME = AppIcon;
				CODE_SIGN_STYLE = Automatic;
				INFOPLIST_FILE = lun/Info.plist;
				LD_RUNPATH_SEARCH_PATHS = (
					"$(inherited)",
					"@executable_path/Frameworks",
				);
				PRODUCT_BUNDLE_IDENTIFIER = gulaksoft.lun;
				PRODUCT_NAME = "$(TARGET_NAME)";
				SWIFT_VERSION = 4.2;
				TARGETED_DEVICE_FAMILY = "1,2";
			};
			name = Release;
		};
/* End XCBuildConfiguration section */

/* Begin XCConfigurationList section */
		949A933D221B01C4009E204C /* Build configuration list for PBXProject "lun" */ = {
			isa = XCConfigurationList;
			buildConfigurations = (
				949A9352221B01C7009E204C /* Debug */,
				949A9353221B01C7009E204C /* Release */,
			);
			defaultConfigurationIsVisible = 0;
			defaultConfigurationName = Release;
		};
		949A9354221B01C7009E204C /* Build configuration list for PBXNativeTarget "lun" */ = {
			isa = XCConfigurationList;
			buildConfigurations = (
				949A9355221B01C7009E204C /* Debug */,
				949A9356221B01C7009E204C /* Release */,
			);
			defaultConfigurationIsVisible = 0;
			defaultConfigurationName = Release;
		};
/* End XCConfigurationList section */
	};
	rootObject = 949A933A221B01C4009E204C /* Project object */;
}
